
Microsoft Visual Studio Solution File, Format Version 12.00
# Visual Studio Version 17
VisualStudioVersion = 17.0.32126.317
MinimumVisualStudioVersion = 10.0.40219.1
Project("{FAE04EC0-301F-11D3-BF4B-00C04F79EFBC}") = "TamrinMaktab001part3", "TamrinMaktab001part3\TamrinMaktab001part3.csproj", "{7EBA68BF-1B3C-4D0D-8B52-9A9FCA367F96}"
EndProject
Global
	GlobalSection(SolutionConfigurationPlatforms) = preSolution
		Debug|Any CPU = Debug|Any CPU
		Release|Any CPU = Release|Any CPU
	EndGlobalSection
	GlobalSection(ProjectConfigurationPlatforms) = postSolution
		{7EBA68BF-1B3C-4D0D-8B52-9A9FCA367F96}.Debug|Any CPU.ActiveCfg = Debug|Any CPU
		{7EBA68BF-1B3C-4D0D-8B52-9A9FCA367F96}.Debug|Any CPU.Build.0 = Debug|Any CPU
		{7EBA68BF-1B3C-4D0D-8B52-9A9FCA367F96}.Release|Any CPU.ActiveCfg = Release|Any CPU
		{7EBA68BF-1B3C-4D0D-8B52-9A9FCA367F96}.Release|Any CPU.Build.0 = Release|Any CPU
	EndGlobalSection
	GlobalSection(SolutionProperties) = preSolution
		HideSolutionNode = FALSE
	EndGlobalSection
	GlobalSection(ExtensibilityGlobals) = postSolution
		SolutionGuid = {03E6D9A8-E7A0-43EF-89BC-7F165616EF49}
	EndGlobalSection
EndGlobal
